{
  "name": "@writetome51/public-array-sorter",
  "version": "1.0.0",
  "lockfileVersion": 1,
  "requires": true,
  "dependencies": {
    "@writetome51/alphabetize": {
      "version": "1.0.3",
      "resolved": "https://registry.npmjs.org/@writetome51/alphabetize/-/alphabetize-1.0.3.tgz",
      "integrity": "sha512-6tRp6q0wYrGm1qdtIzr/UITs7djZP4DBqiMW2yOAfwy2gwj8QQ0hqXx527Vry6IME+tCd9R1/nPOkaZHb9NFWw==",
      "requires": {
        "basic-data-handling": "^1.0.13"
      }
    },
    "@writetome51/array-get-copy": {
      "version": "1.1.0",
      "resolved": "https://registry.npmjs.org/@writetome51/array-get-copy/-/array-get-copy-1.1.0.tgz",
      "integrity": "sha512-GMxn8eIQ0bu0Iq1g7yMEZetTCaNfBiLgJWs2qdzh/I9DtV+pxnvOJNMdvVIIhDPG9tAxaH+LQOS6q9wzVxV0nw==",
      "requires": {
        "@writetome51/array-get-merged-arrays": "^1.1.0",
        "basic-data-handling": "^1.0.13"
      }
    },
    "@writetome51/array-get-merged-arrays": {
      "version": "1.1.0",
      "resolved": "https://registry.npmjs.org/@writetome51/array-get-merged-arrays/-/array-get-merged-arrays-1.1.0.tgz",
      "integrity": "sha512-NVYQzUxd7//R5ePAkxIgzQakmPH73zHo8uNZH7xxUI615t2HUm2a3RIvVhhZzKPHeBHlOcgPl6F5LunJpMVg+A==",
      "requires": {
        "basic-data-handling": "^1.0.13"
      }
    },
    "@writetome51/array-get-shuffled": {
      "version": "1.0.4",
      "resolved": "https://registry.npmjs.org/@writetome51/array-get-shuffled/-/array-get-shuffled-1.0.4.tgz",
      "integrity": "sha512-of4KALQtQk7P8WjbFDU1JDmOtb+jh81RG/cMh/JgUXm713I8TY/bP5LNLjEo6T/VVT8WkHtd0si/9kcvAHhZlw==",
      "requires": {
        "@writetome51/array-get-copy": "~1.1.0",
        "@writetome51/get-random-integer-s": "~1.0.2"
      }
    },
    "@writetome51/get-in-ascending-order": {
      "version": "1.0.4",
      "resolved": "https://registry.npmjs.org/@writetome51/get-in-ascending-order/-/get-in-ascending-order-1.0.4.tgz",
      "integrity": "sha512-6PWfNRsr27Whu5vabyE9Q0bnCaRGGLhuz/JF0/se+ghlNTVl8pIJd4dS9vTp8iUUJQnaqkaf5Z/lsd9Jdr/Tag==",
      "requires": {
        "@writetome51/array-get-copy": "~1.1.0",
        "@writetome51/array-get-merged-arrays": "~1.1.0",
        "@writetome51/get-sum-average-product": "~1.0.3",
        "@writetome51/in-ascending-order": "~1.0.0",
        "basic-data-handling": "~1.0.13"
      }
    },
    "@writetome51/get-left-of-decimal": {
      "version": "1.0.2",
      "resolved": "https://registry.npmjs.org/@writetome51/get-left-of-decimal/-/get-left-of-decimal-1.0.2.tgz",
      "integrity": "sha512-9SQwFuLCoaQVFGvLR0BL43QXaglBTf/m54gDOm6He4A/YfljC8iG9By+t6m5e/YzuOxCetxsfAVFEHiHg92r+g==",
      "requires": {
        "basic-data-handling": "^1.0.13"
      }
    },
    "@writetome51/get-random-integer-s": {
      "version": "1.0.2",
      "resolved": "https://registry.npmjs.org/@writetome51/get-random-integer-s/-/get-random-integer-s-1.0.2.tgz",
      "integrity": "sha512-ceD62QQ2qmeVnX5Z90zbqfmjJR6tCA8HVgolFlEed4oLaBnXsQlQjQEsHz/jyTBBwzI71X45eDsJNrHUINN2Lg==",
      "requires": {
        "@writetome51/get-rounded-up-down": "^1.0.7",
        "@writetome51/in-range": "^1.0.0",
        "basic-data-handling": "^1.0.13",
        "error-if-not-populated-array": "^1.0.0"
      }
    },
    "@writetome51/get-rounded-up-down": {
      "version": "1.0.7",
      "resolved": "https://registry.npmjs.org/@writetome51/get-rounded-up-down/-/get-rounded-up-down-1.0.7.tgz",
      "integrity": "sha512-T1hcMwNRSgvQTOdrKz6dckeG4Msp5HMTkc+ovTzSSIWCYNMr+sTB85lJQWadA0Ey/KGVpAw1r5WgjGukK4mD9Q==",
      "requires": {
        "@writetome51/get-left-of-decimal": "^1.0.2",
        "basic-data-handling": "^1.0.13"
      }
    },
    "@writetome51/get-sum-average-product": {
      "version": "1.0.3",
      "resolved": "https://registry.npmjs.org/@writetome51/get-sum-average-product/-/get-sum-average-product-1.0.3.tgz",
      "integrity": "sha512-XgplaYF3/lcIaqpzuqY7wB3wLRqzOMA3OTEiJNH9GmVG9+02Md6kpEOHrBfxWKvRSKdlFv6B3gIubwyqqUcTNQ==",
      "requires": {
        "error-if-array-item-is-not-number": "^1.0.2",
        "error-if-not-populated-array": "^1.0.0"
      }
    },
    "@writetome51/in-ascending-order": {
      "version": "1.0.0",
      "resolved": "https://registry.npmjs.org/@writetome51/in-ascending-order/-/in-ascending-order-1.0.0.tgz",
      "integrity": "sha512-RLjLbQb0JGDwqKAxkpQT6lC+Op4zqk18jo9vcd/VL3/jNsv6GTY0LfEFitEjMaAIFjnof9wCcSswRjHNZ+5SzQ==",
      "requires": {
        "error-if-array-item-is-not-number": "^1.0.2",
        "error-if-not-populated-array": "^1.0.0"
      }
    },
    "@writetome51/in-range": {
      "version": "1.0.0",
      "resolved": "https://registry.npmjs.org/@writetome51/in-range/-/in-range-1.0.0.tgz",
      "integrity": "sha512-L5qclxgiy63gp8IsgRXke09rIxO6bTxbYZMYBoe+rYlslkxuSt9FGRpW5Ps4yw9r85YGcNfBBZHU99Xfe8yYFg==",
      "requires": {
        "basic-data-handling": "^1.0.13"
      }
    },
    "@writetome51/not": {
      "version": "1.0.3",
      "resolved": "https://registry.npmjs.org/@writetome51/not/-/not-1.0.3.tgz",
      "integrity": "sha512-MJrh50byG0cBuqhrSRMYxGGmYr5BVb7T6OmFeqL8pFuNUFh/lUIXFXScsYM0jlVYmKDhnYJg+QZTOFvvCdzuRw=="
    },
    "@writetome51/public-array-container": {
      "version": "1.0.4",
      "resolved": "https://registry.npmjs.org/@writetome51/public-array-container/-/public-array-container-1.0.4.tgz",
      "integrity": "sha512-3jOz7kIFTUc6mWssKvsQJ6uQmurL7JjvAruDwKQjU7TfpqzI6MyjJ3ahnDTMHmJhKtS8sLQip+5XYMS7XWGrHQ==",
      "requires": {
        "basic-data-handling": "~1.0.13",
        "batch-getter-setter": "~1.0.0",
        "public-data-container-interface": "~1.0.3"
      }
    },
    "@writetome51/set-array": {
      "version": "1.0.0",
      "resolved": "https://registry.npmjs.org/@writetome51/set-array/-/set-array-1.0.0.tgz",
      "integrity": "sha512-WsLVaUFLkVX3weGM8tf5kXQFgbbee1a2V+eb9Zv+Ib6D86jtUlwDWhInhPCoW6fvVBI4hfNOBoO6+k3Lq8pVVg==",
      "requires": {
        "error-if-values-are-not-arrays": "^1.0.2"
      }
    },
    "basic-data-handling": {
      "version": "1.0.13",
      "resolved": "https://registry.npmjs.org/basic-data-handling/-/basic-data-handling-1.0.13.tgz",
      "integrity": "sha512-YRXUq0keESBb4XXzFAStPYJjviRx6CPPSzT/EfpMOLRfBrhnbBeKD2n+kfZyw2zvjreClf16xPF0tDjiLO+ogw=="
    },
    "batch-getter-setter": {
      "version": "1.0.0",
      "resolved": "https://registry.npmjs.org/batch-getter-setter/-/batch-getter-setter-1.0.0.tgz",
      "integrity": "sha512-o4a6NURLje2lxgngkTknmT4DKv4pAekj+1YqU0UIPNmeAMW2SvyaNqeCVcA0x5pkTYcSu/0bvMGzSc4e3H8H1g==",
      "requires": {
        "method-chainable": "^1.0.0"
      }
    },
    "error-if-array-item-is-not-number": {
      "version": "1.0.2",
      "resolved": "https://registry.npmjs.org/error-if-array-item-is-not-number/-/error-if-array-item-is-not-number-1.0.2.tgz",
      "integrity": "sha512-P1cSjse3PoWhD5rZnK56fC1nuBFhWzl620OFHbnH9oNQUBEuvQ1dyAM3tNJaaWBpCScZdBH9/jnB6IG0uI+T8g==",
      "requires": {
        "@writetome51/not": "^1.0.3",
        "basic-data-handling": "^1.0.13"
      }
    },
    "error-if-not-populated-array": {
      "version": "1.0.0",
      "resolved": "https://registry.npmjs.org/error-if-not-populated-array/-/error-if-not-populated-array-1.0.0.tgz",
      "integrity": "sha512-MFSzXiKW7NfuDW4L1Cw6BO5Fb65I0poOefRNTEoa40UdpzljNHQnfchVr2bNjqboxRrEHcYBIz85mxCC+wSrFg==",
      "requires": {
        "basic-data-handling": "^1.0.13"
      }
    },
    "error-if-values-are-not-arrays": {
      "version": "1.0.2",
      "resolved": "https://registry.npmjs.org/error-if-values-are-not-arrays/-/error-if-values-are-not-arrays-1.0.2.tgz",
      "integrity": "sha512-HD4BW6LoQpF0aGVIW1UCsY8LLnB+19kGoYs2HaB8CcaBcGw0ed3XnwJTSb/sr8YqLFkhfFO5bsaFB8savUPKsw==",
      "requires": {
        "basic-data-handling": "~1.0.13"
      }
    },
    "method-chainable": {
      "version": "1.0.0",
      "resolved": "https://registry.npmjs.org/method-chainable/-/method-chainable-1.0.0.tgz",
      "integrity": "sha512-h1CpqXp1BFqFAlkQL6lydba1Qh/iLj1TjLZzQgCwfzahGF1oTT9ry5YWIbdDyQ3hqMpS5OM8rIEb/Hiz2L9N7Q==",
      "requires": {
        "self-identifiable": "^1.0.1"
      }
    },
    "public-data-container-interface": {
      "version": "1.0.3",
      "resolved": "https://registry.npmjs.org/public-data-container-interface/-/public-data-container-interface-1.0.3.tgz",
      "integrity": "sha512-/Ol+b7P3E/utnNkr/dwXZaVyYKt0/MnWiUxTCZmmLIjhfeMInR6Ki8sHgW7ESdUbQ3SyHZK5u03K1ifnUcxIIw=="
    },
    "self-identifiable": {
      "version": "1.0.1",
      "resolved": "https://registry.npmjs.org/self-identifiable/-/self-identifiable-1.0.1.tgz",
      "integrity": "sha512-I3Rvcu0CKKBbRZJ/rS1PGY5vc/DFDW9/ioYNgPueR5bMds/qdpDMHNhlYT9fb7nDms6X6k3F5lJAL9j7M17pbQ=="
    },
    "typescript": {
      "version": "3.1.6",
      "resolved": "https://registry.npmjs.org/typescript/-/typescript-3.1.6.tgz",
      "integrity": "sha512-tDMYfVtvpb96msS1lDX9MEdHrW4yOuZ4Kdc4Him9oU796XldPYF/t2+uKoX0BBa0hXXwDlqYQbXY5Rzjzc5hBA==",
      "dev": true
    }
  }
}
