{
  "name": "@writetome51/open-array-sorter",
  "version": "1.0.1",
  "lockfileVersion": 1,
  "requires": true,
  "dependencies": {
    "@writetome51/alphabetize": {
      "version": "1.0.2",
      "resolved": "https://registry.npmjs.org/@writetome51/alphabetize/-/alphabetize-1.0.2.tgz",
      "integrity": "sha512-J+fsgIPLU5YUNTc3JTF0PHqVIity6g2q0j2VrJJstHhQFdOMuTHUo/WTDplZ58WaUbFEbVwp+akjq/kEJhAEvA==",
      "requires": {
        "basic-data-handling": "^1.0.10"
      }
    },
    "@writetome51/array-and-index-validation": {
      "version": "1.0.0",
      "resolved": "https://registry.npmjs.org/@writetome51/array-and-index-validation/-/array-and-index-validation-1.0.0.tgz",
      "integrity": "sha512-tlRCgXC/UNwtjiiot9QZot8uNG99jvluUSJe0tNxY5LGKEBU8DHZN/yh1OfkVnrrXWjWTmtISv5SM32LtXRWXg==",
      "requires": {
        "basic-data-handling": "^1.0.10"
      }
    },
    "@writetome51/array-append-prepend": {
      "version": "1.0.1",
      "resolved": "https://registry.npmjs.org/@writetome51/array-append-prepend/-/array-append-prepend-1.0.1.tgz",
      "integrity": "sha512-jpjlzNRGmhcEBIkYPmutMw14dmMHRikj1wpwc34i6+rzVhFQTV/Qd94jKa/ZHzrMJOMQpUTXFL/AoAzxaVSW5Q==",
      "requires": {
        "@writetome51/array-and-index-validation": "^1.0.0",
        "basic-data-handling": "^1.0.10"
      }
    },
    "@writetome51/array-get-shuffled": {
      "version": "1.0.1",
      "resolved": "https://registry.npmjs.org/@writetome51/array-get-shuffled/-/array-get-shuffled-1.0.1.tgz",
      "integrity": "sha512-USoW1aVz9h5SgsyMg5vEWoUMr4ANNsdW/Af8sZRX6AW4NoXUIG3wM2mINI2W+zPvR1sTTCITdhYKQ5DN0qk3lQ==",
      "requires": {
        "@writetome51/array-non-modifying-getters-basic": "^1.0.1",
        "@writetome51/get-random-integer-s": "^1.0.0"
      }
    },
    "@writetome51/array-non-modifying-getters-basic": {
      "version": "1.0.1",
      "resolved": "https://registry.npmjs.org/@writetome51/array-non-modifying-getters-basic/-/array-non-modifying-getters-basic-1.0.1.tgz",
      "integrity": "sha512-2cZlzunLQ/ZB9a8QuaVQNlltGBryXG8zAeKfV1WQw1MxnXTMn7DHEVN8OV127EO35ffK5gQLqMybBzWC/jAaug==",
      "requires": {
        "@writetome51/array-and-index-validation": "^1.0.0",
        "basic-data-handling": "^1.0.10"
      }
    },
    "@writetome51/get-in-ascending-order": {
      "version": "1.0.0",
      "resolved": "https://registry.npmjs.org/@writetome51/get-in-ascending-order/-/get-in-ascending-order-1.0.0.tgz",
      "integrity": "sha512-cWGqgs5kUwJG+wuhZGHX0AX+CStzvOR2VbD0YR5wcjGEmVWsZVxQpvxaGLTdl1fklp7BTiCVz+WNtoadXfFMdw==",
      "requires": {
        "@writetome51/get-sum-average-product": "^1.0.0",
        "@writetome51/number-analysis-basic": "^1.0.0"
      }
    },
    "@writetome51/get-random-integer-s": {
      "version": "1.0.0",
      "resolved": "https://registry.npmjs.org/@writetome51/get-random-integer-s/-/get-random-integer-s-1.0.0.tgz",
      "integrity": "sha512-z8Nuq75fUZPQrZEox09+pI3xVKfoq8VLyyea1CyXV+M5cqiyC9qeIhcVi9XwC4DRG2x+CR4o7VUOyzhB4IUafg==",
      "requires": {
        "@writetome51/get-rounded-up-down": "^1.0.1",
        "basic-data-handling": "^1.0.10"
      }
    },
    "@writetome51/get-rounded-up-down": {
      "version": "1.0.1",
      "resolved": "https://registry.npmjs.org/@writetome51/get-rounded-up-down/-/get-rounded-up-down-1.0.1.tgz",
      "integrity": "sha512-kBY2TxT4WuyHgPX/qpA6+MrmOayK9G2evCwB9NoNeFUx4WWsd42T7hk0jQeCTWy5wIVCTNAk2yyr75i8p8Vvzg=="
    },
    "@writetome51/get-sum-average-product": {
      "version": "1.0.0",
      "resolved": "https://registry.npmjs.org/@writetome51/get-sum-average-product/-/get-sum-average-product-1.0.0.tgz",
      "integrity": "sha512-K9cCU78WcV8hyCnD/A48E4YBavAx3fFpL9Z82I/kmtsfgXglauDCPtp1TYhyaTls7v8TmFeBwMXRr01TPcu9qw==",
      "requires": {
        "error-if-array-item-is-not-number": "^1.0.0"
      }
    },
    "@writetome51/number-analysis-basic": {
      "version": "1.0.0",
      "resolved": "https://registry.npmjs.org/@writetome51/number-analysis-basic/-/number-analysis-basic-1.0.0.tgz",
      "integrity": "sha512-FwkejexgzlAUVDUGGnaXsqBE4JgEInqvWua4KTsKQwvOvUVmDAKsD/oDq+pkuqujxqZnHLWA0dww3A16CrPJLw==",
      "requires": {
        "basic-data-handling": "^1.0.10",
        "error-if-array-item-is-not-number": "^1.0.0"
      }
    },
    "@writetome51/open-array-container": {
      "version": "1.0.0",
      "resolved": "https://registry.npmjs.org/@writetome51/open-array-container/-/open-array-container-1.0.0.tgz",
      "integrity": "sha512-RfRsDNLfr4JViKQToGoS/9L6kFypwWzsP5mErNHQ/QtoDYQXZEk1tT/a13iEBPBtn8jxYwsF2lWdS6XD7f1FWA==",
      "requires": {
        "basic-data-handling": "^1.0.10",
        "batch-getter-setter": "^1.0.0",
        "open-data-container-interface": "^1.0.0"
      }
    },
    "basic-data-handling": {
      "version": "1.0.10",
      "resolved": "https://registry.npmjs.org/basic-data-handling/-/basic-data-handling-1.0.10.tgz",
      "integrity": "sha512-NKsdi16famaztrlVVmo7ee364OHtziB9rOjURERR/bicutlgKwSgoTQjusOnrJYha/mW7HbjcKwU3TZ7td0mdg=="
    },
    "batch-getter-setter": {
      "version": "1.0.0",
      "resolved": "https://registry.npmjs.org/batch-getter-setter/-/batch-getter-setter-1.0.0.tgz",
      "integrity": "sha512-o4a6NURLje2lxgngkTknmT4DKv4pAekj+1YqU0UIPNmeAMW2SvyaNqeCVcA0x5pkTYcSu/0bvMGzSc4e3H8H1g==",
      "requires": {
        "method-chainable": "^1.0.0"
      }
    },
    "error-if-array-item-is-not-number": {
      "version": "1.0.0",
      "resolved": "https://registry.npmjs.org/error-if-array-item-is-not-number/-/error-if-array-item-is-not-number-1.0.0.tgz",
      "integrity": "sha512-q9ISLYFh413IwnJUhbHZpGkFbqKiEQhqX8jY8ZFUIQw+RnoMNuZPVTA/VhmIQBQsWMMyDX+/cgLz+/M8+U6s2w=="
    },
    "method-chainable": {
      "version": "1.0.0",
      "resolved": "https://registry.npmjs.org/method-chainable/-/method-chainable-1.0.0.tgz",
      "integrity": "sha512-h1CpqXp1BFqFAlkQL6lydba1Qh/iLj1TjLZzQgCwfzahGF1oTT9ry5YWIbdDyQ3hqMpS5OM8rIEb/Hiz2L9N7Q==",
      "requires": {
        "self-identifiable": "^1.0.1"
      }
    },
    "open-data-container-interface": {
      "version": "1.0.0",
      "resolved": "https://registry.npmjs.org/open-data-container-interface/-/open-data-container-interface-1.0.0.tgz",
      "integrity": "sha512-IYE3nUic2oHS4wUsNtZAEBrJCIGe7CchoPDvpoYcHuZjib7pFaYbLMjVoixusQhtutwmlCreu/FDqGWk9OjW+w=="
    },
    "self-identifiable": {
      "version": "1.0.1",
      "resolved": "https://registry.npmjs.org/self-identifiable/-/self-identifiable-1.0.1.tgz",
      "integrity": "sha512-I3Rvcu0CKKBbRZJ/rS1PGY5vc/DFDW9/ioYNgPueR5bMds/qdpDMHNhlYT9fb7nDms6X6k3F5lJAL9j7M17pbQ=="
    }
  }
}
